// !$*UTF8*$!
{
	archiveVersion = 1;
	classes = {
	};
	objectVersion = 50;
	objects = {

/* Begin PBXBuildFile section */
		17026472244C202F00DEE96A /* MapManager.swift in Sources */ = {isa = PBXBuildFile; fileRef = 17026471244C202F00DEE96A /* MapManager.swift */; };
		1739F377244AAED700E7F577 /* SomethingChanged.swift in Sources */ = {isa = PBXBuildFile; fileRef = 1739F376244AAED700E7F577 /* SomethingChanged.swift */; };
		173A9261242F24D700363576 /* SunGenerator.swift in Sources */ = {isa = PBXBuildFile; fileRef = 173A9260242F24D700363576 /* SunGenerator.swift */; };
		173A9263242F32E100363576 /* SingleTask.swift in Sources */ = {isa = PBXBuildFile; fileRef = 173A9262242F32E100363576 /* SingleTask.swift */; };
		1746C17C242DB67D00A479DE /* CitySelectorView.swift in Sources */ = {isa = PBXBuildFile; fileRef = 1746C17B242DB67D00A479DE /* CitySelectorView.swift */; };
		1746C17E242DB6E000A479DE /* LocationEditor.swift in Sources */ = {isa = PBXBuildFile; fileRef = 1746C17D242DB6E000A479DE /* LocationEditor.swift */; };
		17633B56243858BB0021600D /* LocationCell.swift in Sources */ = {isa = PBXBuildFile; fileRef = 17633B55243858BB0021600D /* LocationCell.swift */; };
		17659B54244332FD00D82B6A /* Test3D.swift in Sources */ = {isa = PBXBuildFile; fileRef = 17659B53244332FD00D82B6A /* Test3D.swift */; };
		176DC96C2438380300830DB1 /* LocationEditedProtocol.swift in Sources */ = {isa = PBXBuildFile; fileRef = 176DC96B2438380300830DB1 /* LocationEditedProtocol.swift */; };
		176DC96E2438390100830DB1 /* EditLocation.swift in Sources */ = {isa = PBXBuildFile; fileRef = 176DC96D2438390100830DB1 /* EditLocation.swift */; };
		177348C5244192F90024590F /* TimeZoneTable.swift in Sources */ = {isa = PBXBuildFile; fileRef = 177348C4244192F90024590F /* TimeZoneTable.swift */; };
		17865A6824499D8000DEED75 /* GlobeView.swift in Sources */ = {isa = PBXBuildFile; fileRef = 17865A6724499D8000DEED75 /* GlobeView.swift */; };
		1792BD7E24304E56006ABD02 /* Julian.swift in Sources */ = {isa = PBXBuildFile; fileRef = 1792BD7D24304E55006ABD02 /* Julian.swift */; };
		1792BD8024304EA7006ABD02 /* Solar.swift in Sources */ = {isa = PBXBuildFile; fileRef = 1792BD7F24304EA7006ABD02 /* Solar.swift */; };
		1792BD8224304F1A006ABD02 /* Geometry.swift in Sources */ = {isa = PBXBuildFile; fileRef = 1792BD8124304F1A006ABD02 /* Geometry.swift */; };
		1792BD8424304FBE006ABD02 /* GeoPoint2.swift in Sources */ = {isa = PBXBuildFile; fileRef = 1792BD8324304FBE006ABD02 /* GeoPoint2.swift */; };
		1792BD8624305173006ABD02 /* Utility.swift in Sources */ = {isa = PBXBuildFile; fileRef = 1792BD8524305173006ABD02 /* Utility.swift */; };
		1792BD882430529C006ABD02 /* TimeHelper.swift in Sources */ = {isa = PBXBuildFile; fileRef = 1792BD872430529C006ABD02 /* TimeHelper.swift */; };
		1792BD8A2430540A006ABD02 /* Miscellaneous.swift in Sources */ = {isa = PBXBuildFile; fileRef = 1792BD892430540A006ABD02 /* Miscellaneous.swift */; };
		1792BD9424306EC5006ABD02 /* CitiesData.swift in Sources */ = {isa = PBXBuildFile; fileRef = 1792BD9324306EC5006ABD02 /* CitiesData.swift */; };
		17ADB45C243D636E002E5F88 /* +ArcLayer.swift in Sources */ = {isa = PBXBuildFile; fileRef = 17ADB45B243D636E002E5F88 /* +ArcLayer.swift */; };
		17ADB45E243D651A002E5F88 /* Extensions.swift in Sources */ = {isa = PBXBuildFile; fileRef = 17ADB45D243D651A002E5F88 /* Extensions.swift */; };
		17BE6868242C7A99009861E1 /* AppDelegate.swift in Sources */ = {isa = PBXBuildFile; fileRef = 17BE6867242C7A99009861E1 /* AppDelegate.swift */; };
		17BE686A242C7A99009861E1 /* SceneDelegate.swift in Sources */ = {isa = PBXBuildFile; fileRef = 17BE6869242C7A99009861E1 /* SceneDelegate.swift */; };
		17BE686C242C7A99009861E1 /* MainView.swift in Sources */ = {isa = PBXBuildFile; fileRef = 17BE686B242C7A99009861E1 /* MainView.swift */; };
		17BE686F242C7A99009861E1 /* Main.storyboard in Resources */ = {isa = PBXBuildFile; fileRef = 17BE686D242C7A99009861E1 /* Main.storyboard */; };
		17BE6871242C7A9C009861E1 /* Assets.xcassets in Resources */ = {isa = PBXBuildFile; fileRef = 17BE6870242C7A9C009861E1 /* Assets.xcassets */; };
		17BE6874242C7A9C009861E1 /* LaunchScreen.storyboard in Resources */ = {isa = PBXBuildFile; fileRef = 17BE6872242C7A9C009861E1 /* LaunchScreen.storyboard */; };
		17BE687F242CA831009861E1 /* ProgramSettings.swift in Sources */ = {isa = PBXBuildFile; fileRef = 17BE687E242CA831009861E1 /* ProgramSettings.swift */; };
		17BE6881242CA8FB009861E1 /* Settings.swift in Sources */ = {isa = PBXBuildFile; fileRef = 17BE6880242CA8FB009861E1 /* Settings.swift */; };
		17BE6883242CC349009861E1 /* SettingsProtocol.swift in Sources */ = {isa = PBXBuildFile; fileRef = 17BE6882242CC349009861E1 /* SettingsProtocol.swift */; };
		17CC3C61242CC69900CC7F87 /* SettingsNavigationViewer.swift in Sources */ = {isa = PBXBuildFile; fileRef = 17CC3C60242CC69900CC7F87 /* SettingsNavigationViewer.swift */; };
		17D825112448547D00323C1D /* MapSettings.swift in Sources */ = {isa = PBXBuildFile; fileRef = 17D825102448547D00323C1D /* MapSettings.swift */; };
		17DD58FC244AD57500DCCBF8 /* +ContextMenu.swift in Sources */ = {isa = PBXBuildFile; fileRef = 17DD58FB244AD57500DCCBF8 /* +ContextMenu.swift */; };
		17E180F5242F62F700310896 /* City.swift in Sources */ = {isa = PBXBuildFile; fileRef = 17E180F4242F62F700310896 /* City.swift */; };
		17E180F8242F646700310896 /* Cities.swift in Sources */ = {isa = PBXBuildFile; fileRef = 17E180F7242F646700310896 /* Cities.swift */; };
		17EF546E2439921B005B036C /* +DrawGrid.swift in Sources */ = {isa = PBXBuildFile; fileRef = 17EF546D2439921B005B036C /* +DrawGrid.swift */; };
		17EF5472243B5EB4005B036C /* Sun.swift in Sources */ = {isa = PBXBuildFile; fileRef = 17EF5471243B5EB3005B036C /* Sun.swift */; };
/* End PBXBuildFile section */

/* Begin PBXFileReference section */
		17026471244C202F00DEE96A /* MapManager.swift */ = {isa = PBXFileReference; lastKnownFileType = sourcecode.swift; path = MapManager.swift; sourceTree = "<group>"; };
		1739F376244AAED700E7F577 /* SomethingChanged.swift */ = {isa = PBXFileReference; lastKnownFileType = sourcecode.swift; path = SomethingChanged.swift; sourceTree = "<group>"; };
		173A9260242F24D700363576 /* SunGenerator.swift */ = {isa = PBXFileReference; lastKnownFileType = sourcecode.swift; path = SunGenerator.swift; sourceTree = "<group>"; };
		173A9262242F32E100363576 /* SingleTask.swift */ = {isa = PBXFileReference; lastKnownFileType = sourcecode.swift; path = SingleTask.swift; sourceTree = "<group>"; };
		1746C17B242DB67D00A479DE /* CitySelectorView.swift */ = {isa = PBXFileReference; lastKnownFileType = sourcecode.swift; path = CitySelectorView.swift; sourceTree = "<group>"; };
		1746C17D242DB6E000A479DE /* LocationEditor.swift */ = {isa = PBXFileReference; lastKnownFileType = sourcecode.swift; path = LocationEditor.swift; sourceTree = "<group>"; };
		17633B55243858BB0021600D /* LocationCell.swift */ = {isa = PBXFileReference; lastKnownFileType = sourcecode.swift; path = LocationCell.swift; sourceTree = "<group>"; };
		17659B53244332FD00D82B6A /* Test3D.swift */ = {isa = PBXFileReference; lastKnownFileType = sourcecode.swift; path = Test3D.swift; sourceTree = "<group>"; };
		176DC96B2438380300830DB1 /* LocationEditedProtocol.swift */ = {isa = PBXFileReference; lastKnownFileType = sourcecode.swift; path = LocationEditedProtocol.swift; sourceTree = "<group>"; };
		176DC96D2438390100830DB1 /* EditLocation.swift */ = {isa = PBXFileReference; lastKnownFileType = sourcecode.swift; path = EditLocation.swift; sourceTree = "<group>"; };
		177348C4244192F90024590F /* TimeZoneTable.swift */ = {isa = PBXFileReference; lastKnownFileType = sourcecode.swift; path = TimeZoneTable.swift; sourceTree = "<group>"; };
		17865A6724499D8000DEED75 /* GlobeView.swift */ = {isa = PBXFileReference; lastKnownFileType = sourcecode.swift; path = GlobeView.swift; sourceTree = "<group>"; };
		1792BD7D24304E55006ABD02 /* Julian.swift */ = {isa = PBXFileReference; lastKnownFileType = sourcecode.swift; path = Julian.swift; sourceTree = "<group>"; };
		1792BD7F24304EA7006ABD02 /* Solar.swift */ = {isa = PBXFileReference; lastKnownFileType = sourcecode.swift; path = Solar.swift; sourceTree = "<group>"; };
		1792BD8124304F1A006ABD02 /* Geometry.swift */ = {isa = PBXFileReference; lastKnownFileType = sourcecode.swift; path = Geometry.swift; sourceTree = "<group>"; };
		1792BD8324304FBE006ABD02 /* GeoPoint2.swift */ = {isa = PBXFileReference; lastKnownFileType = sourcecode.swift; path = GeoPoint2.swift; sourceTree = "<group>"; };
		1792BD8524305173006ABD02 /* Utility.swift */ = {isa = PBXFileReference; lastKnownFileType = sourcecode.swift; path = Utility.swift; sourceTree = "<group>"; };
		1792BD872430529C006ABD02 /* TimeHelper.swift */ = {isa = PBXFileReference; lastKnownFileType = sourcecode.swift; path = TimeHelper.swift; sourceTree = "<group>"; };
		1792BD892430540A006ABD02 /* Miscellaneous.swift */ = {isa = PBXFileReference; lastKnownFileType = sourcecode.swift; path = Miscellaneous.swift; sourceTree = "<group>"; };
		1792BD9324306EC5006ABD02 /* CitiesData.swift */ = {isa = PBXFileReference; lastKnownFileType = sourcecode.swift; path = CitiesData.swift; sourceTree = "<group>"; };
		17ADB45B243D636E002E5F88 /* +ArcLayer.swift */ = {isa = PBXFileReference; lastKnownFileType = sourcecode.swift; path = "+ArcLayer.swift"; sourceTree = "<group>"; };
		17ADB45D243D651A002E5F88 /* Extensions.swift */ = {isa = PBXFileReference; lastKnownFileType = sourcecode.swift; path = Extensions.swift; sourceTree = "<group>"; };
		17BE6864242C7A99009861E1 /* Flatland.app */ = {isa = PBXFileReference; explicitFileType = wrapper.application; includeInIndex = 0; path = Flatland.app; sourceTree = BUILT_PRODUCTS_DIR; };
		17BE6867242C7A99009861E1 /* AppDelegate.swift */ = {isa = PBXFileReference; lastKnownFileType = sourcecode.swift; path = AppDelegate.swift; sourceTree = "<group>"; };
		17BE6869242C7A99009861E1 /* SceneDelegate.swift */ = {isa = PBXFileReference; lastKnownFileType = sourcecode.swift; path = SceneDelegate.swift; sourceTree = "<group>"; };
		17BE686B242C7A99009861E1 /* MainView.swift */ = {isa = PBXFileReference; lastKnownFileType = sourcecode.swift; path = MainView.swift; sourceTree = "<group>"; };
		17BE686E242C7A99009861E1 /* Base */ = {isa = PBXFileReference; lastKnownFileType = file.storyboard; name = Base; path = Base.lproj/Main.storyboard; sourceTree = "<group>"; };
		17BE6870242C7A9C009861E1 /* Assets.xcassets */ = {isa = PBXFileReference; lastKnownFileType = folder.assetcatalog; path = Assets.xcassets; sourceTree = "<group>"; };
		17BE6873242C7A9C009861E1 /* Base */ = {isa = PBXFileReference; lastKnownFileType = file.storyboard; name = Base; path = Base.lproj/LaunchScreen.storyboard; sourceTree = "<group>"; };
		17BE6875242C7A9C009861E1 /* Info.plist */ = {isa = PBXFileReference; lastKnownFileType = text.plist.xml; path = Info.plist; sourceTree = "<group>"; };
		17BE687B242C7AA8009861E1 /* Flatland.entitlements */ = {isa = PBXFileReference; lastKnownFileType = text.plist.entitlements; path = Flatland.entitlements; sourceTree = "<group>"; };
		17BE687E242CA831009861E1 /* ProgramSettings.swift */ = {isa = PBXFileReference; lastKnownFileType = sourcecode.swift; path = ProgramSettings.swift; sourceTree = "<group>"; };
		17BE6880242CA8FB009861E1 /* Settings.swift */ = {isa = PBXFileReference; lastKnownFileType = sourcecode.swift; path = Settings.swift; sourceTree = "<group>"; };
		17BE6882242CC349009861E1 /* SettingsProtocol.swift */ = {isa = PBXFileReference; lastKnownFileType = sourcecode.swift; path = SettingsProtocol.swift; sourceTree = "<group>"; };
		17CC3C60242CC69900CC7F87 /* SettingsNavigationViewer.swift */ = {isa = PBXFileReference; lastKnownFileType = sourcecode.swift; path = SettingsNavigationViewer.swift; sourceTree = "<group>"; };
		17D825102448547D00323C1D /* MapSettings.swift */ = {isa = PBXFileReference; lastKnownFileType = sourcecode.swift; path = MapSettings.swift; sourceTree = "<group>"; };
		17DD58FB244AD57500DCCBF8 /* +ContextMenu.swift */ = {isa = PBXFileReference; lastKnownFileType = sourcecode.swift; path = "+ContextMenu.swift"; sourceTree = "<group>"; };
		17E180F4242F62F700310896 /* City.swift */ = {isa = PBXFileReference; lastKnownFileType = sourcecode.swift; path = City.swift; sourceTree = "<group>"; };
		17E180F7242F646700310896 /* Cities.swift */ = {isa = PBXFileReference; lastKnownFileType = sourcecode.swift; path = Cities.swift; sourceTree = "<group>"; };
		17EF546D2439921B005B036C /* +DrawGrid.swift */ = {isa = PBXFileReference; lastKnownFileType = sourcecode.swift; path = "+DrawGrid.swift"; sourceTree = "<group>"; };
		17EF5471243B5EB3005B036C /* Sun.swift */ = {isa = PBXFileReference; lastKnownFileType = sourcecode.swift; path = Sun.swift; sourceTree = "<group>"; };
/* End PBXFileReference section */

/* Begin PBXFrameworksBuildPhase section */
		17BE6861242C7A99009861E1 /* Frameworks */ = {
			isa = PBXFrameworksBuildPhase;
			buildActionMask = 2147483647;
			files = (
			);
			runOnlyForDeploymentPostprocessing = 0;
		};
/* End PBXFrameworksBuildPhase section */

/* Begin PBXGroup section */
		17026470244C202100DEE96A /* Maps */ = {
			isa = PBXGroup;
			children = (
				17026471244C202F00DEE96A /* MapManager.swift */,
			);
			path = Maps;
			sourceTree = "<group>";
		};
		1739F378244AD42C00E7F577 /* Settings */ = {
			isa = PBXGroup;
			children = (
				17BE6880242CA8FB009861E1 /* Settings.swift */,
				17BE687E242CA831009861E1 /* ProgramSettings.swift */,
				17BE6882242CC349009861E1 /* SettingsProtocol.swift */,
				176DC96B2438380300830DB1 /* LocationEditedProtocol.swift */,
				17CC3C60242CC69900CC7F87 /* SettingsNavigationViewer.swift */,
				1746C17B242DB67D00A479DE /* CitySelectorView.swift */,
				17659B53244332FD00D82B6A /* Test3D.swift */,
				176DC96D2438390100830DB1 /* EditLocation.swift */,
				1746C17D242DB6E000A479DE /* LocationEditor.swift */,
				1739F376244AAED700E7F577 /* SomethingChanged.swift */,
				17D825102448547D00323C1D /* MapSettings.swift */,
				17633B55243858BB0021600D /* LocationCell.swift */,
			);
			path = Settings;
			sourceTree = "<group>";
		};
		1739F379244AD47F00E7F577 /* MainViewExtensions */ = {
			isa = PBXGroup;
			children = (
				17EF546D2439921B005B036C /* +DrawGrid.swift */,
				17ADB45B243D636E002E5F88 /* +ArcLayer.swift */,
				17DD58FB244AD57500DCCBF8 /* +ContextMenu.swift */,
			);
			path = MainViewExtensions;
			sourceTree = "<group>";
		};
		1739F37A244AD4C200E7F577 /* Utilities */ = {
			isa = PBXGroup;
			children = (
				1792BD8524305173006ABD02 /* Utility.swift */,
				173A9262242F32E100363576 /* SingleTask.swift */,
				173A9260242F24D700363576 /* SunGenerator.swift */,
				17ADB45D243D651A002E5F88 /* Extensions.swift */,
			);
			path = Utilities;
			sourceTree = "<group>";
		};
		1792BD7824304787006ABD02 /* Astronomy */ = {
			isa = PBXGroup;
			children = (
				1792BD7D24304E55006ABD02 /* Julian.swift */,
				1792BD7F24304EA7006ABD02 /* Solar.swift */,
				1792BD8124304F1A006ABD02 /* Geometry.swift */,
				1792BD8324304FBE006ABD02 /* GeoPoint2.swift */,
				1792BD872430529C006ABD02 /* TimeHelper.swift */,
				1792BD892430540A006ABD02 /* Miscellaneous.swift */,
				17EF5471243B5EB3005B036C /* Sun.swift */,
			);
			path = Astronomy;
			sourceTree = "<group>";
		};
		17BE685B242C7A99009861E1 = {
			isa = PBXGroup;
			children = (
				17BE6866242C7A99009861E1 /* Flatland */,
				17BE6865242C7A99009861E1 /* Products */,
			);
			sourceTree = "<group>";
		};
		17BE6865242C7A99009861E1 /* Products */ = {
			isa = PBXGroup;
			children = (
				17BE6864242C7A99009861E1 /* Flatland.app */,
			);
			name = Products;
			sourceTree = "<group>";
		};
		17BE6866242C7A99009861E1 /* Flatland */ = {
			isa = PBXGroup;
			children = (
				17026470244C202100DEE96A /* Maps */,
				1792BD7824304787006ABD02 /* Astronomy */,
				17E180F6242F645800310896 /* Cities */,
				17BE687B242C7AA8009861E1 /* Flatland.entitlements */,
				17BE6870242C7A9C009861E1 /* Assets.xcassets */,
				17BE6875242C7A9C009861E1 /* Info.plist */,
				17BE6867242C7A99009861E1 /* AppDelegate.swift */,
				17BE686D242C7A99009861E1 /* Main.storyboard */,
				17BE686B242C7A99009861E1 /* MainView.swift */,
				17865A6724499D8000DEED75 /* GlobeView.swift */,
				17BE6869242C7A99009861E1 /* SceneDelegate.swift */,
				1739F379244AD47F00E7F577 /* MainViewExtensions */,
				1739F378244AD42C00E7F577 /* Settings */,
				1739F37A244AD4C200E7F577 /* Utilities */,
				17BE6872242C7A9C009861E1 /* LaunchScreen.storyboard */,
			);
			path = Flatland;
			sourceTree = "<group>";
		};
		17E180F6242F645800310896 /* Cities */ = {
			isa = PBXGroup;
			children = (
				17E180F4242F62F700310896 /* City.swift */,
				17E180F7242F646700310896 /* Cities.swift */,
				1792BD9324306EC5006ABD02 /* CitiesData.swift */,
				177348C4244192F90024590F /* TimeZoneTable.swift */,
			);
			path = Cities;
			sourceTree = "<group>";
		};
/* End PBXGroup section */

/* Begin PBXNativeTarget section */
		17BE6863242C7A99009861E1 /* Flatland */ = {
			isa = PBXNativeTarget;
			buildConfigurationList = 17BE6878242C7A9C009861E1 /* Build configuration list for PBXNativeTarget "Flatland" */;
			buildPhases = (
				17BE6860242C7A99009861E1 /* Sources */,
				17BE6861242C7A99009861E1 /* Frameworks */,
				17BE6862242C7A99009861E1 /* Resources */,
			);
			buildRules = (
			);
			dependencies = (
			);
			name = Flatland;
			productName = Flatland;
			productReference = 17BE6864242C7A99009861E1 /* Flatland.app */;
			productType = "com.apple.product-type.application";
		};
/* End PBXNativeTarget section */

/* Begin PBXProject section */
		17BE685C242C7A99009861E1 /* Project object */ = {
			isa = PBXProject;
			attributes = {
				LastSwiftUpdateCheck = 1140;
				LastUpgradeCheck = 1140;
				ORGANIZATIONNAME = "Stuart Rankin";
				TargetAttributes = {
					17BE6863242C7A99009861E1 = {
						CreatedOnToolsVersion = 11.4;
					};
				};
			};
			buildConfigurationList = 17BE685F242C7A99009861E1 /* Build configuration list for PBXProject "Flatland" */;
			compatibilityVersion = "Xcode 9.3";
			developmentRegion = en;
			hasScannedForEncodings = 0;
			knownRegions = (
				en,
				Base,
			);
			mainGroup = 17BE685B242C7A99009861E1;
			productRefGroup = 17BE6865242C7A99009861E1 /* Products */;
			projectDirPath = "";
			projectRoot = "";
			targets = (
				17BE6863242C7A99009861E1 /* Flatland */,
			);
		};
/* End PBXProject section */

/* Begin PBXResourcesBuildPhase section */
		17BE6862242C7A99009861E1 /* Resources */ = {
			isa = PBXResourcesBuildPhase;
			buildActionMask = 2147483647;
			files = (
				17BE6874242C7A9C009861E1 /* LaunchScreen.storyboard in Resources */,
				17BE6871242C7A9C009861E1 /* Assets.xcassets in Resources */,
				17BE686F242C7A99009861E1 /* Main.storyboard in Resources */,
			);
			runOnlyForDeploymentPostprocessing = 0;
		};
/* End PBXResourcesBuildPhase section */

/* Begin PBXSourcesBuildPhase section */
		17BE6860242C7A99009861E1 /* Sources */ = {
			isa = PBXSourcesBuildPhase;
			buildActionMask = 2147483647;
			files = (
				17EF5472243B5EB4005B036C /* Sun.swift in Sources */,
				177348C5244192F90024590F /* TimeZoneTable.swift in Sources */,
				1792BD8224304F1A006ABD02 /* Geometry.swift in Sources */,
				1792BD882430529C006ABD02 /* TimeHelper.swift in Sources */,
				17659B54244332FD00D82B6A /* Test3D.swift in Sources */,
				17E180F8242F646700310896 /* Cities.swift in Sources */,
				17BE6883242CC349009861E1 /* SettingsProtocol.swift in Sources */,
				17BE686C242C7A99009861E1 /* MainView.swift in Sources */,
				17E180F5242F62F700310896 /* City.swift in Sources */,
				17633B56243858BB0021600D /* LocationCell.swift in Sources */,
				1792BD8A2430540A006ABD02 /* Miscellaneous.swift in Sources */,
				17026472244C202F00DEE96A /* MapManager.swift in Sources */,
				173A9263242F32E100363576 /* SingleTask.swift in Sources */,
				17ADB45C243D636E002E5F88 /* +ArcLayer.swift in Sources */,
				17D825112448547D00323C1D /* MapSettings.swift in Sources */,
				17865A6824499D8000DEED75 /* GlobeView.swift in Sources */,
				1792BD8624305173006ABD02 /* Utility.swift in Sources */,
				17EF546E2439921B005B036C /* +DrawGrid.swift in Sources */,
				176DC96E2438390100830DB1 /* EditLocation.swift in Sources */,
				17BE6868242C7A99009861E1 /* AppDelegate.swift in Sources */,
				1792BD8024304EA7006ABD02 /* Solar.swift in Sources */,
				1792BD9424306EC5006ABD02 /* CitiesData.swift in Sources */,
				1792BD8424304FBE006ABD02 /* GeoPoint2.swift in Sources */,
				17DD58FC244AD57500DCCBF8 /* +ContextMenu.swift in Sources */,
				17BE687F242CA831009861E1 /* ProgramSettings.swift in Sources */,
				1746C17E242DB6E000A479DE /* LocationEditor.swift in Sources */,
				1739F377244AAED700E7F577 /* SomethingChanged.swift in Sources */,
				1792BD7E24304E56006ABD02 /* Julian.swift in Sources */,
				17BE686A242C7A99009861E1 /* SceneDelegate.swift in Sources */,
				17BE6881242CA8FB009861E1 /* Settings.swift in Sources */,
				1746C17C242DB67D00A479DE /* CitySelectorView.swift in Sources */,
				176DC96C2438380300830DB1 /* LocationEditedProtocol.swift in Sources */,
				173A9261242F24D700363576 /* SunGenerator.swift in Sources */,
				17CC3C61242CC69900CC7F87 /* SettingsNavigationViewer.swift in Sources */,
				17ADB45E243D651A002E5F88 /* Extensions.swift in Sources */,
			);
			runOnlyForDeploymentPostprocessing = 0;
		};
/* End PBXSourcesBuildPhase section */

/* Begin PBXVariantGroup section */
		17BE686D242C7A99009861E1 /* Main.storyboard */ = {
			isa = PBXVariantGroup;
			children = (
				17BE686E242C7A99009861E1 /* Base */,
			);
			name = Main.storyboard;
			sourceTree = "<group>";
		};
		17BE6872242C7A9C009861E1 /* LaunchScreen.storyboard */ = {
			isa = PBXVariantGroup;
			children = (
				17BE6873242C7A9C009861E1 /* Base */,
			);
			name = LaunchScreen.storyboard;
			sourceTree = "<group>";
		};
/* End PBXVariantGroup section */

/* Begin XCBuildConfiguration section */
		17BE6876242C7A9C009861E1 /* Debug */ = {
			isa = XCBuildConfiguration;
			buildSettings = {
				ALWAYS_SEARCH_USER_PATHS = NO;
				CLANG_ANALYZER_NONNULL = YES;
				CLANG_ANALYZER_NUMBER_OBJECT_CONVERSION = YES_AGGRESSIVE;
				CLANG_CXX_LANGUAGE_STANDARD = "gnu++14";
				CLANG_CXX_LIBRARY = "libc++";
				CLANG_ENABLE_MODULES = YES;
				CLANG_ENABLE_OBJC_ARC = YES;
				CLANG_ENABLE_OBJC_WEAK = YES;
				CLANG_WARN_BLOCK_CAPTURE_AUTORELEASING = YES;
				CLANG_WARN_BOOL_CONVERSION = YES;
				CLANG_WARN_COMMA = YES;
				CLANG_WARN_CONSTANT_CONVERSION = YES;
				CLANG_WARN_DEPRECATED_OBJC_IMPLEMENTATIONS = YES;
				CLANG_WARN_DIRECT_OBJC_ISA_USAGE = YES_ERROR;
				CLANG_WARN_DOCUMENTATION_COMMENTS = YES;
				CLANG_WARN_EMPTY_BODY = YES;
				CLANG_WARN_ENUM_CONVERSION = YES;
				CLANG_WARN_INFINITE_RECURSION = YES;
				CLANG_WARN_INT_CONVERSION = YES;
				CLANG_WARN_NON_LITERAL_NULL_CONVERSION = YES;
				CLANG_WARN_OBJC_IMPLICIT_RETAIN_SELF = YES;
				CLANG_WARN_OBJC_LITERAL_CONVERSION = YES;
				CLANG_WARN_OBJC_ROOT_CLASS = YES_ERROR;
				CLANG_WARN_RANGE_LOOP_ANALYSIS = YES;
				CLANG_WARN_STRICT_PROTOTYPES = YES;
				CLANG_WARN_SUSPICIOUS_MOVE = YES;
				CLANG_WARN_UNGUARDED_AVAILABILITY = YES_AGGRESSIVE;
				CLANG_WARN_UNREACHABLE_CODE = YES;
				CLANG_WARN__DUPLICATE_METHOD_MATCH = YES;
				COPY_PHASE_STRIP = NO;
				DEBUG_INFORMATION_FORMAT = dwarf;
				ENABLE_STRICT_OBJC_MSGSEND = YES;
				ENABLE_TESTABILITY = YES;
				GCC_C_LANGUAGE_STANDARD = gnu11;
				GCC_DYNAMIC_NO_PIC = NO;
				GCC_NO_COMMON_BLOCKS = YES;
				GCC_OPTIMIZATION_LEVEL = 0;
				GCC_PREPROCESSOR_DEFINITIONS = (
					"DEBUG=1",
					"$(inherited)",
				);
				GCC_WARN_64_TO_32_BIT_CONVERSION = YES;
				GCC_WARN_ABOUT_RETURN_TYPE = YES_ERROR;
				GCC_WARN_UNDECLARED_SELECTOR = YES;
				GCC_WARN_UNINITIALIZED_AUTOS = YES_AGGRESSIVE;
				GCC_WARN_UNUSED_FUNCTION = YES;
				GCC_WARN_UNUSED_VARIABLE = YES;
				IPHONEOS_DEPLOYMENT_TARGET = 13.4;
				MTL_ENABLE_DEBUG_INFO = INCLUDE_SOURCE;
				MTL_FAST_MATH = YES;
				ONLY_ACTIVE_ARCH = YES;
				SDKROOT = iphoneos;
				SWIFT_ACTIVE_COMPILATION_CONDITIONS = DEBUG;
				SWIFT_OPTIMIZATION_LEVEL = "-Onone";
			};
			name = Debug;
		};
		17BE6877242C7A9C009861E1 /* Release */ = {
			isa = XCBuildConfiguration;
			buildSettings = {
				ALWAYS_SEARCH_USER_PATHS = NO;
				CLANG_ANALYZER_NONNULL = YES;
				CLANG_ANALYZER_NUMBER_OBJECT_CONVERSION = YES_AGGRESSIVE;
				CLANG_CXX_LANGUAGE_STANDARD = "gnu++14";
				CLANG_CXX_LIBRARY = "libc++";
				CLANG_ENABLE_MODULES = YES;
				CLANG_ENABLE_OBJC_ARC = YES;
				CLANG_ENABLE_OBJC_WEAK = YES;
				CLANG_WARN_BLOCK_CAPTURE_AUTORELEASING = YES;
				CLANG_WARN_BOOL_CONVERSION = YES;
				CLANG_WARN_COMMA = YES;
				CLANG_WARN_CONSTANT_CONVERSION = YES;
				CLANG_WARN_DEPRECATED_OBJC_IMPLEMENTATIONS = YES;
				CLANG_WARN_DIRECT_OBJC_ISA_USAGE = YES_ERROR;
				CLANG_WARN_DOCUMENTATION_COMMENTS = YES;
				CLANG_WARN_EMPTY_BODY = YES;
				CLANG_WARN_ENUM_CONVERSION = YES;
				CLANG_WARN_INFINITE_RECURSION = YES;
				CLANG_WARN_INT_CONVERSION = YES;
				CLANG_WARN_NON_LITERAL_NULL_CONVERSION = YES;
				CLANG_WARN_OBJC_IMPLICIT_RETAIN_SELF = YES;
				CLANG_WARN_OBJC_LITERAL_CONVERSION = YES;
				CLANG_WARN_OBJC_ROOT_CLASS = YES_ERROR;
				CLANG_WARN_RANGE_LOOP_ANALYSIS = YES;
				CLANG_WARN_STRICT_PROTOTYPES = YES;
				CLANG_WARN_SUSPICIOUS_MOVE = YES;
				CLANG_WARN_UNGUARDED_AVAILABILITY = YES_AGGRESSIVE;
				CLANG_WARN_UNREACHABLE_CODE = YES;
				CLANG_WARN__DUPLICATE_METHOD_MATCH = YES;
				COPY_PHASE_STRIP = NO;
				DEBUG_INFORMATION_FORMAT = "dwarf-with-dsym";
				ENABLE_NS_ASSERTIONS = NO;
				ENABLE_STRICT_OBJC_MSGSEND = YES;
				GCC_C_LANGUAGE_STANDARD = gnu11;
				GCC_NO_COMMON_BLOCKS = YES;
				GCC_WARN_64_TO_32_BIT_CONVERSION = YES;
				GCC_WARN_ABOUT_RETURN_TYPE = YES_ERROR;
				GCC_WARN_UNDECLARED_SELECTOR = YES;
				GCC_WARN_UNINITIALIZED_AUTOS = YES_AGGRESSIVE;
				GCC_WARN_UNUSED_FUNCTION = YES;
				GCC_WARN_UNUSED_VARIABLE = YES;
				IPHONEOS_DEPLOYMENT_TARGET = 13.4;
				MTL_ENABLE_DEBUG_INFO = NO;
				MTL_FAST_MATH = YES;
				SDKROOT = iphoneos;
				SWIFT_COMPILATION_MODE = wholemodule;
				SWIFT_OPTIMIZATION_LEVEL = "-O";
				VALIDATE_PRODUCT = YES;
			};
			name = Release;
		};
		17BE6879242C7A9C009861E1 /* Debug */ = {
			isa = XCBuildConfiguration;
			buildSettings = {
				ASSETCATALOG_COMPILER_APPICON_NAME = AppIcon;
				CODE_SIGN_ENTITLEMENTS = Flatland/Flatland.entitlements;
				CODE_SIGN_STYLE = Automatic;
				DEVELOPMENT_TEAM = 4BB235M4GL;
				INFOPLIST_FILE = Flatland/Info.plist;
				LD_RUNPATH_SEARCH_PATHS = (
					"$(inherited)",
					"@executable_path/Frameworks",
				);
				PRODUCT_BUNDLE_IDENTIFIER = Irorio.Flatland;
				PRODUCT_NAME = "$(TARGET_NAME)";
				SUPPORTS_MACCATALYST = YES;
				SWIFT_VERSION = 5.0;
				TARGETED_DEVICE_FAMILY = "1,2";
			};
			name = Debug;
		};
		17BE687A242C7A9C009861E1 /* Release */ = {
			isa = XCBuildConfiguration;
			buildSettings = {
				ASSETCATALOG_COMPILER_APPICON_NAME = AppIcon;
				CODE_SIGN_ENTITLEMENTS = Flatland/Flatland.entitlements;
				CODE_SIGN_STYLE = Automatic;
				DEVELOPMENT_TEAM = 4BB235M4GL;
				INFOPLIST_FILE = Flatland/Info.plist;
				LD_RUNPATH_SEARCH_PATHS = (
					"$(inherited)",
					"@executable_path/Frameworks",
				);
				PRODUCT_BUNDLE_IDENTIFIER = Irorio.Flatland;
				PRODUCT_NAME = "$(TARGET_NAME)";
				SUPPORTS_MACCATALYST = YES;
				SWIFT_VERSION = 5.0;
				TARGETED_DEVICE_FAMILY = "1,2";
			};
			name = Release;
		};
/* End XCBuildConfiguration section */

/* Begin XCConfigurationList section */
		17BE685F242C7A99009861E1 /* Build configuration list for PBXProject "Flatland" */ = {
			isa = XCConfigurationList;
			buildConfigurations = (
				17BE6876242C7A9C009861E1 /* Debug */,
				17BE6877242C7A9C009861E1 /* Release */,
			);
			defaultConfigurationIsVisible = 0;
			defaultConfigurationName = Release;
		};
		17BE6878242C7A9C009861E1 /* Build configuration list for PBXNativeTarget "Flatland" */ = {
			isa = XCConfigurationList;
			buildConfigurations = (
				17BE6879242C7A9C009861E1 /* Debug */,
				17BE687A242C7A9C009861E1 /* Release */,
			);
			defaultConfigurationIsVisible = 0;
			defaultConfigurationName = Release;
		};
/* End XCConfigurationList section */
	};
	rootObject = 17BE685C242C7A99009861E1 /* Project object */;
}
